// !$*UTF8*$!
{
	archiveVersion = 1;
	classes = {
	};
	objectVersion = 46;
	objects = {

/* Begin PBXBuildFile section */
		E0EA6C701E42BEF200A770D1 /* main.m in Sources */ = {isa = PBXBuildFile; fileRef = E0EA6C6F1E42BEF200A770D1 /* main.m */; };
		E0EA6C781E42BF0600A770D1 /* Star.m in Sources */ = {isa = PBXBuildFile; fileRef = E0EA6C771E42BF0600A770D1 /* Star.m */; };
/* End PBXBuildFile section */

/* Begin PBXCopyFilesBuildPhase section */
		E0EA6C6A1E42BEF200A770D1 /* CopyFiles */ = {
			isa = PBXCopyFilesBuildPhase;
			buildActionMask = 2147483647;
			dstPath = /usr/share/man/man1/;
			dstSubfolderSpec = 0;
			files = (
			);
			runOnlyForDeploymentPostprocessing = 1;
		};
/* End PBXCopyFilesBuildPhase section */

/* Begin PBXFileReference section */
		E0EA6C6C1E42BEF200A770D1 /* 0202_StarLog */ = {isa = PBXFileReference; explicitFileType = "compiled.mach-o.executable"; includeInIndex = 0; path = 0202_StarLog; sourceTree = BUILT_PRODUCTS_DIR; };
		E0EA6C6F1E42BEF200A770D1 /* main.m */ = {isa = PBXFileReference; lastKnownFileType = sourcecode.c.objc; path = main.m; sourceTree = "<group>"; };
		E0EA6C761E42BF0600A770D1 /* Star.h */ = {isa = PBXFileReference; fileEncoding = 4; lastKnownFileType = sourcecode.c.h; path = Star.h; sourceTree = "<group>"; };
		E0EA6C771E42BF0600A770D1 /* Star.m */ = {isa = PBXFileReference; fileEncoding = 4; lastKnownFileType = sourcecode.c.objc; path = Star.m; sourceTree = "<group>"; };
/* End PBXFileReference section */

/* Begin PBXFrameworksBuildPhase section */
		E0EA6C691E42BEF200A770D1 /* Frameworks */ = {
			isa = PBXFrameworksBuildPhase;
			buildActionMask = 2147483647;
			files = (
			);
			runOnlyForDeploymentPostprocessing = 0;
		};
/* End PBXFrameworksBuildPhase section */

/* Begin PBXGroup section */
		E0EA6C631E42BEF200A770D1 = {
			isa = PBXGroup;
			children = (
				E0EA6C6E1E42BEF200A770D1 /* 0202_StarLog */,
				E0EA6C6D1E42BEF200A770D1 /* Products */,
			);
			sourceTree = "<group>";
		};
		E0EA6C6D1E42BEF200A770D1 /* Products */ = {
			isa = PBXGroup;
			children = (
				E0EA6C6C1E42BEF200A770D1 /* 0202_StarLog */,
			);
			name = Products;
			sourceTree = "<group>";
		};
		E0EA6C6E1E42BEF200A770D1 /* 0202_StarLog */ = {
			isa = PBXGroup;
			children = (
				E0EA6C6F1E42BEF200A770D1 /* main.m */,
				E0EA6C761E42BF0600A770D1 /* Star.h */,
				E0EA6C771E42BF0600A770D1 /* Star.m */,
			);
			path = 0202_StarLog;
			sourceTree = "<group>";
		};
/* End PBXGroup section */

/* Begin PBXNativeTarget section */
		E0EA6C6B1E42BEF200A770D1 /* 0202_StarLog */ = {
			isa = PBXNativeTarget;
			buildConfigurationList = E0EA6C731E42BEF200A770D1 /* Build configuration list for PBXNativeTarget "0202_StarLog" */;
			buildPhases = (
				E0EA6C681E42BEF200A770D1 /* Sources */,
				E0EA6C691E42BEF200A770D1 /* Frameworks */,
				E0EA6C6A1E42BEF200A770D1 /* CopyFiles */,
			);
			buildRules = (
			);
			dependencies = (
			);
			name = 0202_StarLog;
			productName = 0202_StarLog;
			productReference = E0EA6C6C1E42BEF200A770D1 /* 0202_StarLog */;
			productType = "com.apple.product-type.tool";
		};
/* End PBXNativeTarget section */

/* Begin PBXProject section */
		E0EA6C641E42BEF200A770D1 /* Project object */ = {
			isa = PBXProject;
			attributes = {
				LastUpgradeCheck = 0820;
				ORGANIZATIONNAME = katniss;
				TargetAttributes = {
					E0EA6C6B1E42BEF200A770D1 = {
						CreatedOnToolsVersion = 8.2.1;
						DevelopmentTeam = R88N58S2BD;
						ProvisioningStyle = Automatic;
					};
				};
			};
			buildConfigurationList = E0EA6C671E42BEF200A770D1 /* Build configuration list for PBXProject "0202_StarLog" */;
			compatibilityVersion = "Xcode 3.2";
			developmentRegion = English;
			hasScannedForEncodings = 0;
			knownRegions = (
				en,
			);
			mainGroup = E0EA6C631E42BEF200A770D1;
			productRefGroup = E0EA6C6D1E42BEF200A770D1 /* Products */;
			projectDirPath = "";
			projectRoot = "";
			targets = (
				E0EA6C6B1E42BEF200A770D1 /* 0202_StarLog */,
			);
		};
/* End PBXProject section */

/* Begin PBXSourcesBuildPhase section */
		E0EA6C681E42BEF200A770D1 /* Sources */ = {
			isa = PBXSourcesBuildPhase;
			buildActionMask = 2147483647;
			files = (
				E0EA6C701E42BEF200A770D1 /* main.m in Sources */,
				E0EA6C781E42BF0600A770D1 /* Star.m in Sources */,
			);
			runOnlyForDeploymentPostprocessing = 0;
		};
/* End PBXSourcesBuildPhase section */

/* Begin XCBuildConfiguration section */
		E0EA6C711E42BEF200A770D1 /* Debug */ = {
			isa = XCBuildConfiguration;
			buildSettings = {
				ALWAYS_SEARCH_USER_PATHS = NO;
				CLANG_ANALYZER_NONNULL = YES;
				CLANG_CXX_LANGUAGE_STANDARD = "gnu++0x";
				CLANG_CXX_LIBRARY = "libc++";
				CLANG_ENABLE_MODULES = YES;
				CLANG_ENABLE_OBJC_ARC = YES;
				CLANG_WARN_BOOL_CONVERSION = YES;
				CLANG_WARN_CONSTANT_CONVERSION = YES;
				CLANG_WARN_DIRECT_OBJC_ISA_USAGE = YES_ERROR;
				CLANG_WARN_DOCUMENTATION_COMMENTS = YES;
				CLANG_WARN_EMPTY_BODY = YES;
				CLANG_WARN_ENUM_CONVERSION = YES;
				CLANG_WARN_INFINITE_RECURSION = YES;
				CLANG_WARN_INT_CONVERSION = YES;
				CLANG_WARN_OBJC_ROOT_CLASS = YES_ERROR;
				CLANG_WARN_SUSPICIOUS_MOVE = YES;
				CLANG_WARN_UNREACHABLE_CODE = YES;
				CLANG_WARN__DUPLICATE_METHOD_MATCH = YES;
				CODE_SIGN_IDENTITY = "-";
				COPY_PHASE_STRIP = NO;
				DEBUG_INFORMATION_FORMAT = dwarf;
				ENABLE_STRICT_OBJC_MSGSEND = YES;
				ENABLE_TESTABILITY = YES;
				GCC_C_LANGUAGE_STANDARD = gnu99;
				GCC_DYNAMIC_NO_PIC = NO;
				GCC_NO_COMMON_BLOCKS = YES;
				GCC_OPTIMIZATION_LEVEL = 0;
				GCC_PREPROCESSOR_DEFINITIONS = (
					"DEBUG=1",
					"$(inherited)",
				);
				GCC_WARN_64_TO_32_BIT_CONVERSION = YES;
				GCC_WARN_ABOUT_RETURN_TYPE = YES_ERROR;
				GCC_WARN_UNDECLARED_SELECTOR = YES;
				GCC_WARN_UNINITIALIZED_AUTOS = YES_AGGRESSIVE;
				GCC_WARN_UNUSED_FUNCTION = YES;
				GCC_WARN_UNUSED_VARIABLE = YES;
				MACOSX_DEPLOYMENT_TARGET = 10.12;
				MTL_ENABLE_DEBUG_INFO = YES;
				ONLY_ACTIVE_ARCH = YES;
				SDKROOT = macosx;
			};
			name = Debug;
		};
		E0EA6C721E42BEF200A770D1 /* Release */ = {
			isa = XCBuildConfiguration;
			buildSettings = {
				ALWAYS_SEARCH_USER_PATHS = NO;
				CLANG_ANALYZER_NONNULL = YES;
				CLANG_CXX_LANGUAGE_STANDARD = "gnu++0x";
				CLANG_CXX_LIBRARY = "libc++";
				CLANG_ENABLE_MODULES = YES;
				CLANG_ENABLE_OBJC_ARC = YES;
				CLANG_WARN_BOOL_CONVERSION = YES;
				CLANG_WARN_CONSTANT_CONVERSION = YES;
				CLANG_WARN_DIRECT_OBJC_ISA_USAGE = YES_ERROR;
				CLANG_WARN_DOCUMENTATION_COMMENTS = YES;
				CLANG_WARN_EMPTY_BODY = YES;
				CLANG_WARN_ENUM_CONVERSION = YES;
				CLANG_WARN_INFINITE_RECURSION = YES;
				CLANG_WARN_INT_CONVERSION = YES;
				CLANG_WARN_OBJC_ROOT_CLASS = YES_ERROR;
				CLANG_WARN_SUSPICIOUS_MOVE = YES;
				CLANG_WARN_UNREACHABLE_CODE = YES;
				CLANG_WARN__DUPLICATE_METHOD_MATCH = YES;
				CODE_SIGN_IDENTITY = "-";
				COPY_PHASE_STRIP = NO;
				DEBUG_INFORMATION_FORMAT = "dwarf-with-dsym";
				ENABLE_NS_ASSERTIONS = NO;
				ENABLE_STRICT_OBJC_MSGSEND = YES;
				GCC_C_LANGUAGE_STANDARD = gnu99;
				GCC_NO_COMMON_BLOCKS = YES;
				GCC_WARN_64_TO_32_BIT_CONVERSION = YES;
				GCC_WARN_ABOUT_RETURN_TYPE = YES_ERROR;
				GCC_WARN_UNDECLARED_SELECTOR = YES;
				GCC_WARN_UNINITIALIZED_AUTOS = YES_AGGRESSIVE;
				GCC_WARN_UNUSED_FUNCTION = YES;
				GCC_WARN_UNUSED_VARIABLE = YES;
				MACOSX_DEPLOYMENT_TARGET = 10.12;
				MTL_ENABLE_DEBUG_INFO = NO;
				SDKROOT = macosx;
			};
			name = Release;
		};
		E0EA6C741E42BEF200A770D1 /* Debug */ = {
			isa = XCBuildConfiguration;
			buildSettings = {
				DEVELOPMENT_TEAM = R88N58S2BD;
				PRODUCT_NAME = "$(TARGET_NAME)";
			};
			name = Debug;
		};
		E0EA6C751E42BEF200A770D1 /* Release */ = {
			isa = XCBuildConfiguration;
			buildSettings = {
				DEVELOPMENT_TEAM = R88N58S2BD;
				PRODUCT_NAME = "$(TARGET_NAME)";
			};
			name = Release;
		};
/* End XCBuildConfiguration section */

/* Begin XCConfigurationList section */
		E0EA6C671E42BEF200A770D1 /* Build configuration list for PBXProject "0202_StarLog" */ = {
			isa = XCConfigurationList;
			buildConfigurations = (
				E0EA6C711E42BEF200A770D1 /* Debug */,
				E0EA6C721E42BEF200A770D1 /* Release */,
			);
			defaultConfigurationIsVisible = 0;
			defaultConfigurationName = Release;
		};
		E0EA6C731E42BEF200A770D1 /* Build configuration list for PBXNativeTarget "0202_StarLog" */ = {
			isa = XCConfigurationList;
			buildConfigurations = (
				E0EA6C741E42BEF200A770D1 /* Debug */,
				E0EA6C751E42BEF200A770D1 /* Release */,
			);
			defaultConfigurationIsVisible = 0;
		};
/* End XCConfigurationList section */
	};
	rootObject = E0EA6C641E42BEF200A770D1 /* Project object */;
}
