// !$*UTF8*$!
{
	archiveVersion = 1;
	classes = {
	};
	objectVersion = 46;
	objects = {

/* Begin PBXBuildFile section */
		E03A8AB91E6CED0B00056FC3 /* ExViewController.swift in Sources */ = {isa = PBXBuildFile; fileRef = E03A8AB81E6CED0B00056FC3 /* ExViewController.swift */; };
		E0CC31971E6C099D0099B091 /* AppDelegate.swift in Sources */ = {isa = PBXBuildFile; fileRef = E0CC31961E6C099D0099B091 /* AppDelegate.swift */; };
		E0CC31991E6C099D0099B091 /* ViewController.swift in Sources */ = {isa = PBXBuildFile; fileRef = E0CC31981E6C099D0099B091 /* ViewController.swift */; };
		E0CC319C1E6C099D0099B091 /* Main.storyboard in Resources */ = {isa = PBXBuildFile; fileRef = E0CC319A1E6C099D0099B091 /* Main.storyboard */; };
		E0CC319E1E6C099D0099B091 /* Assets.xcassets in Resources */ = {isa = PBXBuildFile; fileRef = E0CC319D1E6C099D0099B091 /* Assets.xcassets */; };
		E0CC31A11E6C099D0099B091 /* LaunchScreen.storyboard in Resources */ = {isa = PBXBuildFile; fileRef = E0CC319F1E6C099D0099B091 /* LaunchScreen.storyboard */; };
/* End PBXBuildFile section */

/* Begin PBXFileReference section */
		E03A8AB81E6CED0B00056FC3 /* ExViewController.swift */ = {isa = PBXFileReference; fileEncoding = 4; lastKnownFileType = sourcecode.swift; path = ExViewController.swift; sourceTree = "<group>"; };
		E0CC31931E6C099D0099B091 /* 0305 SwiftStudy.app */ = {isa = PBXFileReference; explicitFileType = wrapper.application; includeInIndex = 0; path = "0305 SwiftStudy.app"; sourceTree = BUILT_PRODUCTS_DIR; };
		E0CC31961E6C099D0099B091 /* AppDelegate.swift */ = {isa = PBXFileReference; lastKnownFileType = sourcecode.swift; path = AppDelegate.swift; sourceTree = "<group>"; };
		E0CC31981E6C099D0099B091 /* ViewController.swift */ = {isa = PBXFileReference; lastKnownFileType = sourcecode.swift; path = ViewController.swift; sourceTree = "<group>"; };
		E0CC319B1E6C099D0099B091 /* Base */ = {isa = PBXFileReference; lastKnownFileType = file.storyboard; name = Base; path = Base.lproj/Main.storyboard; sourceTree = "<group>"; };
		E0CC319D1E6C099D0099B091 /* Assets.xcassets */ = {isa = PBXFileReference; lastKnownFileType = folder.assetcatalog; path = Assets.xcassets; sourceTree = "<group>"; };
		E0CC31A01E6C099D0099B091 /* Base */ = {isa = PBXFileReference; lastKnownFileType = file.storyboard; name = Base; path = Base.lproj/LaunchScreen.storyboard; sourceTree = "<group>"; };
		E0CC31A21E6C099D0099B091 /* Info.plist */ = {isa = PBXFileReference; lastKnownFileType = text.plist.xml; path = Info.plist; sourceTree = "<group>"; };
/* End PBXFileReference section */

/* Begin PBXFrameworksBuildPhase section */
		E0CC31901E6C099D0099B091 /* Frameworks */ = {
			isa = PBXFrameworksBuildPhase;
			buildActionMask = 2147483647;
			files = (
			);
			runOnlyForDeploymentPostprocessing = 0;
		};
/* End PBXFrameworksBuildPhase section */

/* Begin PBXGroup section */
		E0CC318A1E6C099D0099B091 = {
			isa = PBXGroup;
			children = (
				E0CC31951E6C099D0099B091 /* 0305 SwiftStudy */,
				E0CC31941E6C099D0099B091 /* Products */,
			);
			sourceTree = "<group>";
		};
		E0CC31941E6C099D0099B091 /* Products */ = {
			isa = PBXGroup;
			children = (
				E0CC31931E6C099D0099B091 /* 0305 SwiftStudy.app */,
			);
			name = Products;
			sourceTree = "<group>";
		};
		E0CC31951E6C099D0099B091 /* 0305 SwiftStudy */ = {
			isa = PBXGroup;
			children = (
				E0CC31961E6C099D0099B091 /* AppDelegate.swift */,
				E0CC31981E6C099D0099B091 /* ViewController.swift */,
				E0CC319A1E6C099D0099B091 /* Main.storyboard */,
				E03A8AB81E6CED0B00056FC3 /* ExViewController.swift */,
				E0CC319D1E6C099D0099B091 /* Assets.xcassets */,
				E0CC319F1E6C099D0099B091 /* LaunchScreen.storyboard */,
				E0CC31A21E6C099D0099B091 /* Info.plist */,
			);
			path = "0305 SwiftStudy";
			sourceTree = "<group>";
		};
/* End PBXGroup section */

/* Begin PBXNativeTarget section */
		E0CC31921E6C099D0099B091 /* 0305 SwiftStudy */ = {
			isa = PBXNativeTarget;
			buildConfigurationList = E0CC31A51E6C099D0099B091 /* Build configuration list for PBXNativeTarget "0305 SwiftStudy" */;
			buildPhases = (
				E0CC318F1E6C099D0099B091 /* Sources */,
				E0CC31901E6C099D0099B091 /* Frameworks */,
				E0CC31911E6C099D0099B091 /* Resources */,
			);
			buildRules = (
			);
			dependencies = (
			);
			name = "0305 SwiftStudy";
			productName = "0305 SwiftStudy";
			productReference = E0CC31931E6C099D0099B091 /* 0305 SwiftStudy.app */;
			productType = "com.apple.product-type.application";
		};
/* End PBXNativeTarget section */

/* Begin PBXProject section */
		E0CC318B1E6C099D0099B091 /* Project object */ = {
			isa = PBXProject;
			attributes = {
				LastSwiftUpdateCheck = 0820;
				LastUpgradeCheck = 0820;
				ORGANIZATIONNAME = katniss;
				TargetAttributes = {
					E0CC31921E6C099D0099B091 = {
						CreatedOnToolsVersion = 8.2.1;
						DevelopmentTeam = R88N58S2BD;
						ProvisioningStyle = Automatic;
					};
				};
			};
			buildConfigurationList = E0CC318E1E6C099D0099B091 /* Build configuration list for PBXProject "0305 SwiftStudy" */;
			compatibilityVersion = "Xcode 3.2";
			developmentRegion = English;
			hasScannedForEncodings = 0;
			knownRegions = (
				en,
				Base,
			);
			mainGroup = E0CC318A1E6C099D0099B091;
			productRefGroup = E0CC31941E6C099D0099B091 /* Products */;
			projectDirPath = "";
			projectRoot = "";
			targets = (
				E0CC31921E6C099D0099B091 /* 0305 SwiftStudy */,
			);
		};
/* End PBXProject section */

/* Begin PBXResourcesBuildPhase section */
		E0CC31911E6C099D0099B091 /* Resources */ = {
			isa = PBXResourcesBuildPhase;
			buildActionMask = 2147483647;
			files = (
				E0CC31A11E6C099D0099B091 /* LaunchScreen.storyboard in Resources */,
				E0CC319E1E6C099D0099B091 /* Assets.xcassets in Resources */,
				E0CC319C1E6C099D0099B091 /* Main.storyboard in Resources */,
			);
			runOnlyForDeploymentPostprocessing = 0;
		};
/* End PBXResourcesBuildPhase section */

/* Begin PBXSourcesBuildPhase section */
		E0CC318F1E6C099D0099B091 /* Sources */ = {
			isa = PBXSourcesBuildPhase;
			buildActionMask = 2147483647;
			files = (
				E0CC31991E6C099D0099B091 /* ViewController.swift in Sources */,
				E0CC31971E6C099D0099B091 /* AppDelegate.swift in Sources */,
				E03A8AB91E6CED0B00056FC3 /* ExViewController.swift in Sources */,
			);
			runOnlyForDeploymentPostprocessing = 0;
		};
/* End PBXSourcesBuildPhase section */

/* Begin PBXVariantGroup section */
		E0CC319A1E6C099D0099B091 /* Main.storyboard */ = {
			isa = PBXVariantGroup;
			children = (
				E0CC319B1E6C099D0099B091 /* Base */,
			);
			name = Main.storyboard;
			sourceTree = "<group>";
		};
		E0CC319F1E6C099D0099B091 /* LaunchScreen.storyboard */ = {
			isa = PBXVariantGroup;
			children = (
				E0CC31A01E6C099D0099B091 /* Base */,
			);
			name = LaunchScreen.storyboard;
			sourceTree = "<group>";
		};
/* End PBXVariantGroup section */

/* Begin XCBuildConfiguration section */
		E0CC31A31E6C099D0099B091 /* Debug */ = {
			isa = XCBuildConfiguration;
			buildSettings = {
				ALWAYS_SEARCH_USER_PATHS = NO;
				CLANG_ANALYZER_NONNULL = YES;
				CLANG_CXX_LANGUAGE_STANDARD = "gnu++0x";
				CLANG_CXX_LIBRARY = "libc++";
				CLANG_ENABLE_MODULES = YES;
				CLANG_ENABLE_OBJC_ARC = YES;
				CLANG_WARN_BOOL_CONVERSION = YES;
				CLANG_WARN_CONSTANT_CONVERSION = YES;
				CLANG_WARN_DIRECT_OBJC_ISA_USAGE = YES_ERROR;
				CLANG_WARN_DOCUMENTATION_COMMENTS = YES;
				CLANG_WARN_EMPTY_BODY = YES;
				CLANG_WARN_ENUM_CONVERSION = YES;
				CLANG_WARN_INFINITE_RECURSION = YES;
				CLANG_WARN_INT_CONVERSION = YES;
				CLANG_WARN_OBJC_ROOT_CLASS = YES_ERROR;
				CLANG_WARN_SUSPICIOUS_MOVE = YES;
				CLANG_WARN_UNREACHABLE_CODE = YES;
				CLANG_WARN__DUPLICATE_METHOD_MATCH = YES;
				"CODE_SIGN_IDENTITY[sdk=iphoneos*]" = "iPhone Developer";
				COPY_PHASE_STRIP = NO;
				DEBUG_INFORMATION_FORMAT = dwarf;
				ENABLE_STRICT_OBJC_MSGSEND = YES;
				ENABLE_TESTABILITY = YES;
				GCC_C_LANGUAGE_STANDARD = gnu99;
				GCC_DYNAMIC_NO_PIC = NO;
				GCC_NO_COMMON_BLOCKS = YES;
				GCC_OPTIMIZATION_LEVEL = 0;
				GCC_PREPROCESSOR_DEFINITIONS = (
					"DEBUG=1",
					"$(inherited)",
				);
				GCC_WARN_64_TO_32_BIT_CONVERSION = YES;
				GCC_WARN_ABOUT_RETURN_TYPE = YES_ERROR;
				GCC_WARN_UNDECLARED_SELECTOR = YES;
				GCC_WARN_UNINITIALIZED_AUTOS = YES_AGGRESSIVE;
				GCC_WARN_UNUSED_FUNCTION = YES;
				GCC_WARN_UNUSED_VARIABLE = YES;
				IPHONEOS_DEPLOYMENT_TARGET = 10.2;
				MTL_ENABLE_DEBUG_INFO = YES;
				ONLY_ACTIVE_ARCH = YES;
				SDKROOT = iphoneos;
				SWIFT_ACTIVE_COMPILATION_CONDITIONS = DEBUG;
				SWIFT_OPTIMIZATION_LEVEL = "-Onone";
			};
			name = Debug;
		};
		E0CC31A41E6C099D0099B091 /* Release */ = {
			isa = XCBuildConfiguration;
			buildSettings = {
				ALWAYS_SEARCH_USER_PATHS = NO;
				CLANG_ANALYZER_NONNULL = YES;
				CLANG_CXX_LANGUAGE_STANDARD = "gnu++0x";
				CLANG_CXX_LIBRARY = "libc++";
				CLANG_ENABLE_MODULES = YES;
				CLANG_ENABLE_OBJC_ARC = YES;
				CLANG_WARN_BOOL_CONVERSION = YES;
				CLANG_WARN_CONSTANT_CONVERSION = YES;
				CLANG_WARN_DIRECT_OBJC_ISA_USAGE = YES_ERROR;
				CLANG_WARN_DOCUMENTATION_COMMENTS = YES;
				CLANG_WARN_EMPTY_BODY = YES;
				CLANG_WARN_ENUM_CONVERSION = YES;
				CLANG_WARN_INFINITE_RECURSION = YES;
				CLANG_WARN_INT_CONVERSION = YES;
				CLANG_WARN_OBJC_ROOT_CLASS = YES_ERROR;
				CLANG_WARN_SUSPICIOUS_MOVE = YES;
				CLANG_WARN_UNREACHABLE_CODE = YES;
				CLANG_WARN__DUPLICATE_METHOD_MATCH = YES;
				"CODE_SIGN_IDENTITY[sdk=iphoneos*]" = "iPhone Developer";
				COPY_PHASE_STRIP = NO;
				DEBUG_INFORMATION_FORMAT = "dwarf-with-dsym";
				ENABLE_NS_ASSERTIONS = NO;
				ENABLE_STRICT_OBJC_MSGSEND = YES;
				GCC_C_LANGUAGE_STANDARD = gnu99;
				GCC_NO_COMMON_BLOCKS = YES;
				GCC_WARN_64_TO_32_BIT_CONVERSION = YES;
				GCC_WARN_ABOUT_RETURN_TYPE = YES_ERROR;
				GCC_WARN_UNDECLARED_SELECTOR = YES;
				GCC_WARN_UNINITIALIZED_AUTOS = YES_AGGRESSIVE;
				GCC_WARN_UNUSED_FUNCTION = YES;
				GCC_WARN_UNUSED_VARIABLE = YES;
				IPHONEOS_DEPLOYMENT_TARGET = 10.2;
				MTL_ENABLE_DEBUG_INFO = NO;
				SDKROOT = iphoneos;
				SWIFT_OPTIMIZATION_LEVEL = "-Owholemodule";
				VALIDATE_PRODUCT = YES;
			};
			name = Release;
		};
		E0CC31A61E6C099D0099B091 /* Debug */ = {
			isa = XCBuildConfiguration;
			buildSettings = {
				ASSETCATALOG_COMPILER_APPICON_NAME = AppIcon;
				DEVELOPMENT_TEAM = R88N58S2BD;
				INFOPLIST_FILE = "0305 SwiftStudy/Info.plist";
				LD_RUNPATH_SEARCH_PATHS = "$(inherited) @executable_path/Frameworks";
				PRODUCT_BUNDLE_IDENTIFIER = "new.-305-SwiftStudy";
				PRODUCT_NAME = "$(TARGET_NAME)";
				SWIFT_VERSION = 3.0;
			};
			name = Debug;
		};
		E0CC31A71E6C099D0099B091 /* Release */ = {
			isa = XCBuildConfiguration;
			buildSettings = {
				ASSETCATALOG_COMPILER_APPICON_NAME = AppIcon;
				DEVELOPMENT_TEAM = R88N58S2BD;
				INFOPLIST_FILE = "0305 SwiftStudy/Info.plist";
				LD_RUNPATH_SEARCH_PATHS = "$(inherited) @executable_path/Frameworks";
				PRODUCT_BUNDLE_IDENTIFIER = "new.-305-SwiftStudy";
				PRODUCT_NAME = "$(TARGET_NAME)";
				SWIFT_VERSION = 3.0;
			};
			name = Release;
		};
/* End XCBuildConfiguration section */

/* Begin XCConfigurationList section */
		E0CC318E1E6C099D0099B091 /* Build configuration list for PBXProject "0305 SwiftStudy" */ = {
			isa = XCConfigurationList;
			buildConfigurations = (
				E0CC31A31E6C099D0099B091 /* Debug */,
				E0CC31A41E6C099D0099B091 /* Release */,
			);
			defaultConfigurationIsVisible = 0;
			defaultConfigurationName = Release;
		};
		E0CC31A51E6C099D0099B091 /* Build configuration list for PBXNativeTarget "0305 SwiftStudy" */ = {
			isa = XCConfigurationList;
			buildConfigurations = (
				E0CC31A61E6C099D0099B091 /* Debug */,
				E0CC31A71E6C099D0099B091 /* Release */,
			);
			defaultConfigurationIsVisible = 0;
			defaultConfigurationName = Release;
		};
/* End XCConfigurationList section */
	};
	rootObject = E0CC318B1E6C099D0099B091 /* Project object */;
}
